
Microsoft Visual Studio Solution File, Format Version 12.00
# Visual Studio Version 17
VisualStudioVersion = 17.8.34330.188
MinimumVisualStudioVersion = 10.0.40219.1
Project("{FAE04EC0-301F-11D3-BF4B-00C04F79EFBC}") = "CWalletDEV", "CWalletDEV\CWalletDEV.csproj", "{31E91585-F53C-4FDC-ABD2-25EFED5E7D14}"
EndProject
Global
	GlobalSection(SolutionConfigurationPlatforms) = preSolution
		Debug|Any CPU = Debug|Any CPU
		Release|Any CPU = Release|Any CPU
	EndGlobalSection
	GlobalSection(ProjectConfigurationPlatforms) = postSolution
		{31E91585-F53C-4FDC-ABD2-25EFED5E7D14}.Debug|Any CPU.ActiveCfg = Debug|Any CPU
		{31E91585-F53C-4FDC-ABD2-25EFED5E7D14}.Debug|Any CPU.Build.0 = Debug|Any CPU
		{31E91585-F53C-4FDC-ABD2-25EFED5E7D14}.Release|Any CPU.ActiveCfg = Release|Any CPU
		{31E91585-F53C-4FDC-ABD2-25EFED5E7D14}.Release|Any CPU.Build.0 = Release|Any CPU
	EndGlobalSection
	GlobalSection(SolutionProperties) = preSolution
		HideSolutionNode = FALSE
	EndGlobalSection
	GlobalSection(ExtensibilityGlobals) = postSolution
		SolutionGuid = {4B310BD9-05F7-4BAF-B210-2CB693E9442F}
	EndGlobalSection
EndGlobal
